
Microsoft Visual Studio Solution File, Format Version 12.00
Project("{FAE04EC0-301F-11D3-BF4B-00C04F79EFBC}") = "Thermo.Server", "Thermo.Server\Thermo.Server.csproj", "{CEE0802D-552C-4E16-AF1B-E507AC1E4B54}"
EndProject
Global
	GlobalSection(SolutionConfigurationPlatforms) = preSolution
		Debug|Any CPU = Debug|Any CPU
		Release|Any CPU = Release|Any CPU
	EndGlobalSection
	GlobalSection(ProjectConfigurationPlatforms) = postSolution
		{CEE0802D-552C-4E16-AF1B-E507AC1E4B54}.Debug|Any CPU.ActiveCfg = Debug|Any CPU
		{CEE0802D-552C-4E16-AF1B-E507AC1E4B54}.Debug|Any CPU.Build.0 = Debug|Any CPU
		{CEE0802D-552C-4E16-AF1B-E507AC1E4B54}.Release|Any CPU.ActiveCfg = Release|Any CPU
		{CEE0802D-552C-4E16-AF1B-E507AC1E4B54}.Release|Any CPU.Build.0 = Release|Any CPU
	EndGlobalSection
EndGlobal
